
Microsoft Visual Studio Solution File, Format Version 12.00
# Visual Studio 15
VisualStudioVersion = 15.0.28010.2016
MinimumVisualStudioVersion = 10.0.40219.1
Project("{FAE04EC0-301F-11D3-BF4B-00C04F79EFBC}") = "ATalking.Android", "ATalking\ATalking.Android\ATalking.Android.csproj", "{9D9BE8C2-2575-4592-AF26-810A707DA15D}"
EndProject
Project("{FAE04EC0-301F-11D3-BF4B-00C04F79EFBC}") = "ATalking.iOS", "ATalking\ATalking.iOS\ATalking.iOS.csproj", "{3B2CC87E-8FB0-427E-B239-C9FC20935F45}"
EndProject
Project("{FAE04EC0-301F-11D3-BF4B-00C04F79EFBC}") = "ATalking.UWP", "ATalking\ATalking.UWP\ATalking.UWP.csproj", "{E5457655-372C-4219-A1CC-875C1F766ACD}"
EndProject
Project("{FAE04EC0-301F-11D3-BF4B-00C04F79EFBC}") = "ATalking", "ATalking\ATalking\ATalking.csproj", "{CE39B65B-95BC-4FCE-BFDE-1AE45644CEAB}"
EndProject
Global
	GlobalSection(SolutionConfigurationPlatforms) = preSolution
		Ad-Hoc|Any CPU = Ad-Hoc|Any CPU
		Ad-Hoc|ARM = Ad-Hoc|ARM
		Ad-Hoc|iPhone = Ad-Hoc|iPhone
		Ad-Hoc|iPhoneSimulator = Ad-Hoc|iPhoneSimulator
		Ad-Hoc|x64 = Ad-Hoc|x64
		Ad-Hoc|x86 = Ad-Hoc|x86
		AppStore|Any CPU = AppStore|Any CPU
		AppStore|ARM = AppStore|ARM
		AppStore|iPhone = AppStore|iPhone
		AppStore|iPhoneSimulator = AppStore|iPhoneSimulator
		AppStore|x64 = AppStore|x64
		AppStore|x86 = AppStore|x86
		Debug|Any CPU = Debug|Any CPU
		Debug|ARM = Debug|ARM
		Debug|iPhone = Debug|iPhone
		Debug|iPhoneSimulator = Debug|iPhoneSimulator
		Debug|x64 = Debug|x64
		Debug|x86 = Debug|x86
		Release|Any CPU = Release|Any CPU
		Release|ARM = Release|ARM
		Release|iPhone = Release|iPhone
		Release|iPhoneSimulator = Release|iPhoneSimulator
		Release|x64 = Release|x64
		Release|x86 = Release|x86
	EndGlobalSection
	GlobalSection(ProjectConfigurationPlatforms) = postSolution
		{9D9BE8C2-2575-4592-AF26-810A707DA15D}.Ad-Hoc|Any CPU.ActiveCfg = Release|Any CPU
		{9D9BE8C2-2575-4592-AF26-810A707DA15D}.Ad-Hoc|Any CPU.Build.0 = Release|Any CPU
		{9D9BE8C2-2575-4592-AF26-810A707DA15D}.Ad-Hoc|Any CPU.Deploy.0 = Release|Any CPU
		{9D9BE8C2-2575-4592-AF26-810A707DA15D}.Ad-Hoc|ARM.ActiveCfg = Release|Any CPU
		{9D9BE8C2-2575-4592-AF26-810A707DA15D}.Ad-Hoc|ARM.Build.0 = Release|Any CPU
		{9D9BE8C2-2575-4592-AF26-810A707DA15D}.Ad-Hoc|ARM.Deploy.0 = Release|Any CPU
		{9D9BE8C2-2575-4592-AF26-810A707DA15D}.Ad-Hoc|iPhone.ActiveCfg = Release|Any CPU
		{9D9BE8C2-2575-4592-AF26-810A707DA15D}.Ad-Hoc|iPhone.Build.0 = Release|Any CPU
		{9D9BE8C2-2575-4592-AF26-810A707DA15D}.Ad-Hoc|iPhone.Deploy.0 = Release|Any CPU
		{9D9BE8C2-2575-4592-AF26-810A707DA15D}.Ad-Hoc|iPhoneSimulator.ActiveCfg = Release|Any CPU
		{9D9BE8C2-2575-4592-AF26-810A707DA15D}.Ad-Hoc|iPhoneSimulator.Build.0 = Release|Any CPU
		{9D9BE8C2-2575-4592-AF26-810A707DA15D}.Ad-Hoc|iPhoneSimulator.Deploy.0 = Release|Any CPU
		{9D9BE8C2-2575-4592-AF26-810A707DA15D}.Ad-Hoc|x64.ActiveCfg = Release|Any CPU
		{9D9BE8C2-2575-4592-AF26-810A707DA15D}.Ad-Hoc|x64.Build.0 = Release|Any CPU
		{9D9BE8C2-2575-4592-AF26-810A707DA15D}.Ad-Hoc|x64.Deploy.0 = Release|Any CPU
		{9D9BE8C2-2575-4592-AF26-810A707DA15D}.Ad-Hoc|x86.ActiveCfg = Release|Any CPU
		{9D9BE8C2-2575-4592-AF26-810A707DA15D}.Ad-Hoc|x86.Build.0 = Release|Any CPU
		{9D9BE8C2-2575-4592-AF26-810A707DA15D}.Ad-Hoc|x86.Deploy.0 = Release|Any CPU
		{9D9BE8C2-2575-4592-AF26-810A707DA15D}.AppStore|Any CPU.ActiveCfg = Release|Any CPU
		{9D9BE8C2-2575-4592-AF26-810A707DA15D}.AppStore|Any CPU.Build.0 = Release|Any CPU
		{9D9BE8C2-2575-4592-AF26-810A707DA15D}.AppStore|Any CPU.Deploy.0 = Release|Any CPU
		{9D9BE8C2-2575-4592-AF26-810A707DA15D}.AppStore|ARM.ActiveCfg = Release|Any CPU
		{9D9BE8C2-2575-4592-AF26-810A707DA15D}.AppStore|ARM.Build.0 = Release|Any CPU
		{9D9BE8C2-2575-4592-AF26-810A707DA15D}.AppStore|ARM.Deploy.0 = Release|Any CPU
		{9D9BE8C2-2575-4592-AF26-810A707DA15D}.AppStore|iPhone.ActiveCfg = Release|Any CPU
		{9D9BE8C2-2575-4592-AF26-810A707DA15D}.AppStore|iPhone.Build.0 = Release|Any CPU
		{9D9BE8C2-2575-4592-AF26-810A707DA15D}.AppStore|iPhone.Deploy.0 = Release|Any CPU
		{9D9BE8C2-2575-4592-AF26-810A707DA15D}.AppStore|iPhoneSimulator.ActiveCfg = Release|Any CPU
		{9D9BE8C2-2575-4592-AF26-810A707DA15D}.AppStore|iPhoneSimulator.Build.0 = Release|Any CPU
		{9D9BE8C2-2575-4592-AF26-810A707DA15D}.AppStore|iPhoneSimulator.Deploy.0 = Release|Any CPU
		{9D9BE8C2-2575-4592-AF26-810A707DA15D}.AppStore|x64.ActiveCfg = Release|Any CPU
		{9D9BE8C2-2575-4592-AF26-810A707DA15D}.AppStore|x64.Build.0 = Release|Any CPU
		{9D9BE8C2-2575-4592-AF26-810A707DA15D}.AppStore|x64.Deploy.0 = Release|Any CPU
		{9D9BE8C2-2575-4592-AF26-810A707DA15D}.AppStore|x86.ActiveCfg = Release|Any CPU
		{9D9BE8C2-2575-4592-AF26-810A707DA15D}.AppStore|x86.Build.0 = Release|Any CPU
		{9D9BE8C2-2575-4592-AF26-810A707DA15D}.AppStore|x86.Deploy.0 = Release|Any CPU
		{9D9BE8C2-2575-4592-AF26-810A707DA15D}.Debug|Any CPU.ActiveCfg = Debug|Any CPU
		{9D9BE8C2-2575-4592-AF26-810A707DA15D}.Debug|Any CPU.Build.0 = Debug|Any CPU
		{9D9BE8C2-2575-4592-AF26-810A707DA15D}.Debug|Any CPU.Deploy.0 = Debug|Any CPU
		{9D9BE8C2-2575-4592-AF26-810A707DA15D}.Debug|ARM.ActiveCfg = Debug|Any CPU
		{9D9BE8C2-2575-4592-AF26-810A707DA15D}.Debug|ARM.Build.0 = Debug|Any CPU
		{9D9BE8C2-2575-4592-AF26-810A707DA15D}.Debug|ARM.Deploy.0 = Debug|Any CPU
		{9D9BE8C2-2575-4592-AF26-810A707DA15D}.Debug|iPhone.ActiveCfg = Debug|Any CPU
		{9D9BE8C2-2575-4592-AF26-810A707DA15D}.Debug|iPhone.Build.0 = Debug|Any CPU
		{9D9BE8C2-2575-4592-AF26-810A707DA15D}.Debug|iPhone.Deploy.0 = Debug|Any CPU
		{9D9BE8C2-2575-4592-AF26-810A707DA15D}.Debug|iPhoneSimulator.ActiveCfg = Debug|Any CPU
		{9D9BE8C2-2575-4592-AF26-810A707DA15D}.Debug|iPhoneSimulator.Build.0 = Debug|Any CPU
		{9D9BE8C2-2575-4592-AF26-810A707DA15D}.Debug|iPhoneSimulator.Deploy.0 = Debug|Any CPU
		{9D9BE8C2-2575-4592-AF26-810A707DA15D}.Debug|x64.ActiveCfg = Debug|Any CPU
		{9D9BE8C2-2575-4592-AF26-810A707DA15D}.Debug|x64.Build.0 = Debug|Any CPU
		{9D9BE8C2-2575-4592-AF26-810A707DA15D}.Debug|x64.Deploy.0 = Debug|Any CPU
		{9D9BE8C2-2575-4592-AF26-810A707DA15D}.Debug|x86.ActiveCfg = Debug|Any CPU
		{9D9BE8C2-2575-4592-AF26-810A707DA15D}.Debug|x86.Build.0 = Debug|Any CPU
		{9D9BE8C2-2575-4592-AF26-810A707DA15D}.Debug|x86.Deploy.0 = Debug|Any CPU
		{9D9BE8C2-2575-4592-AF26-810A707DA15D}.Release|Any CPU.ActiveCfg = Release|Any CPU
		{9D9BE8C2-2575-4592-AF26-810A707DA15D}.Release|Any CPU.Build.0 = Release|Any CPU
		{9D9BE8C2-2575-4592-AF26-810A707DA15D}.Release|Any CPU.Deploy.0 = Release|Any CPU
		{9D9BE8C2-2575-4592-AF26-810A707DA15D}.Release|ARM.ActiveCfg = Release|Any CPU
		{9D9BE8C2-2575-4592-AF26-810A707DA15D}.Release|ARM.Build.0 = Release|Any CPU
		{9D9BE8C2-2575-4592-AF26-810A707DA15D}.Release|ARM.Deploy.0 = Release|Any CPU
		{9D9BE8C2-2575-4592-AF26-810A707DA15D}.Release|iPhone.ActiveCfg = Release|Any CPU
		{9D9BE8C2-2575-4592-AF26-810A707DA15D}.Release|iPhone.Build.0 = Release|Any CPU
		{9D9BE8C2-2575-4592-AF26-810A707DA15D}.Release|iPhone.Deploy.0 = Release|Any CPU
		{9D9BE8C2-2575-4592-AF26-810A707DA15D}.Release|iPhoneSimulator.ActiveCfg = Release|Any CPU
		{9D9BE8C2-2575-4592-AF26-810A707DA15D}.Release|iPhoneSimulator.Build.0 = Release|Any CPU
		{9D9BE8C2-2575-4592-AF26-810A707DA15D}.Release|iPhoneSimulator.Deploy.0 = Release|Any CPU
		{9D9BE8C2-2575-4592-AF26-810A707DA15D}.Release|x64.ActiveCfg = Release|Any CPU
		{9D9BE8C2-2575-4592-AF26-810A707DA15D}.Release|x64.Build.0 = Release|Any CPU
		{9D9BE8C2-2575-4592-AF26-810A707DA15D}.Release|x64.Deploy.0 = Release|Any CPU
		{9D9BE8C2-2575-4592-AF26-810A707DA15D}.Release|x86.ActiveCfg = Release|Any CPU
		{9D9BE8C2-2575-4592-AF26-810A707DA15D}.Release|x86.Build.0 = Release|Any CPU
		{9D9BE8C2-2575-4592-AF26-810A707DA15D}.Release|x86.Deploy.0 = Release|Any CPU
		{3B2CC87E-8FB0-427E-B239-C9FC20935F45}.Ad-Hoc|Any CPU.ActiveCfg = Ad-Hoc|iPhone
		{3B2CC87E-8FB0-427E-B239-C9FC20935F45}.Ad-Hoc|Any CPU.Build.0 = Ad-Hoc|iPhone
		{3B2CC87E-8FB0-427E-B239-C9FC20935F45}.Ad-Hoc|Any CPU.Deploy.0 = Ad-Hoc|iPhone
		{3B2CC87E-8FB0-427E-B239-C9FC20935F45}.Ad-Hoc|ARM.ActiveCfg = Ad-Hoc|iPhone
		{3B2CC87E-8FB0-427E-B239-C9FC20935F45}.Ad-Hoc|ARM.Build.0 = Ad-Hoc|iPhone
		{3B2CC87E-8FB0-427E-B239-C9FC20935F45}.Ad-Hoc|ARM.Deploy.0 = Ad-Hoc|iPhone
		{3B2CC87E-8FB0-427E-B239-C9FC20935F45}.Ad-Hoc|iPhone.ActiveCfg = Ad-Hoc|iPhone
		{3B2CC87E-8FB0-427E-B239-C9FC20935F45}.Ad-Hoc|iPhone.Build.0 = Ad-Hoc|iPhone
		{3B2CC87E-8FB0-427E-B239-C9FC20935F45}.Ad-Hoc|iPhone.Deploy.0 = Ad-Hoc|iPhone
		{3B2CC87E-8FB0-427E-B239-C9FC20935F45}.Ad-Hoc|iPhoneSimulator.ActiveCfg = Ad-Hoc|iPhoneSimulator
		{3B2CC87E-8FB0-427E-B239-C9FC20935F45}.Ad-Hoc|iPhoneSimulator.Build.0 = Ad-Hoc|iPhoneSimulator
		{3B2CC87E-8FB0-427E-B239-C9FC20935F45}.Ad-Hoc|iPhoneSimulator.Deploy.0 = Ad-Hoc|iPhoneSimulator
		{3B2CC87E-8FB0-427E-B239-C9FC20935F45}.Ad-Hoc|x64.ActiveCfg = Ad-Hoc|iPhone
		{3B2CC87E-8FB0-427E-B239-C9FC20935F45}.Ad-Hoc|x64.Build.0 = Ad-Hoc|iPhone
		{3B2CC87E-8FB0-427E-B239-C9FC20935F45}.Ad-Hoc|x64.Deploy.0 = Ad-Hoc|iPhone
		{3B2CC87E-8FB0-427E-B239-C9FC20935F45}.Ad-Hoc|x86.ActiveCfg = Ad-Hoc|iPhone
		{3B2CC87E-8FB0-427E-B239-C9FC20935F45}.Ad-Hoc|x86.Build.0 = Ad-Hoc|iPhone
		{3B2CC87E-8FB0-427E-B239-C9FC20935F45}.Ad-Hoc|x86.Deploy.0 = Ad-Hoc|iPhone
		{3B2CC87E-8FB0-427E-B239-C9FC20935F45}.AppStore|Any CPU.ActiveCfg = AppStore|iPhone
		{3B2CC87E-8FB0-427E-B239-C9FC20935F45}.AppStore|Any CPU.Build.0 = AppStore|iPhone
		{3B2CC87E-8FB0-427E-B239-C9FC20935F45}.AppStore|Any CPU.Deploy.0 = AppStore|iPhone
		{3B2CC87E-8FB0-427E-B239-C9FC20935F45}.AppStore|ARM.ActiveCfg = AppStore|iPhone
		{3B2CC87E-8FB0-427E-B239-C9FC20935F45}.AppStore|ARM.Build.0 = AppStore|iPhone
		{3B2CC87E-8FB0-427E-B239-C9FC20935F45}.AppStore|ARM.Deploy.0 = AppStore|iPhone
		{3B2CC87E-8FB0-427E-B239-C9FC20935F45}.AppStore|iPhone.ActiveCfg = AppStore|iPhone
		{3B2CC87E-8FB0-427E-B239-C9FC20935F45}.AppStore|iPhone.Build.0 = AppStore|iPhone
		{3B2CC87E-8FB0-427E-B239-C9FC20935F45}.AppStore|iPhone.Deploy.0 = AppStore|iPhone
		{3B2CC87E-8FB0-427E-B239-C9FC20935F45}.AppStore|iPhoneSimulator.ActiveCfg = AppStore|iPhoneSimulator
		{3B2CC87E-8FB0-427E-B239-C9FC20935F45}.AppStore|iPhoneSimulator.Build.0 = AppStore|iPhoneSimulator
		{3B2CC87E-8FB0-427E-B239-C9FC20935F45}.AppStore|iPhoneSimulator.Deploy.0 = AppStore|iPhoneSimulator
		{3B2CC87E-8FB0-427E-B239-C9FC20935F45}.AppStore|x64.ActiveCfg = AppStore|iPhone
		{3B2CC87E-8FB0-427E-B239-C9FC20935F45}.AppStore|x64.Build.0 = AppStore|iPhone
		{3B2CC87E-8FB0-427E-B239-C9FC20935F45}.AppStore|x64.Deploy.0 = AppStore|iPhone
		{3B2CC87E-8FB0-427E-B239-C9FC20935F45}.AppStore|x86.ActiveCfg = AppStore|iPhone
		{3B2CC87E-8FB0-427E-B239-C9FC20935F45}.AppStore|x86.Build.0 = AppStore|iPhone
		{3B2CC87E-8FB0-427E-B239-C9FC20935F45}.AppStore|x86.Deploy.0 = AppStore|iPhone
		{3B2CC87E-8FB0-427E-B239-C9FC20935F45}.Debug|Any CPU.ActiveCfg = Debug|iPhoneSimulator
		{3B2CC87E-8FB0-427E-B239-C9FC20935F45}.Debug|Any CPU.Build.0 = Debug|iPhoneSimulator
		{3B2CC87E-8FB0-427E-B239-C9FC20935F45}.Debug|Any CPU.Deploy.0 = Debug|iPhoneSimulator
		{3B2CC87E-8FB0-427E-B239-C9FC20935F45}.Debug|ARM.ActiveCfg = Debug|iPhone
		{3B2CC87E-8FB0-427E-B239-C9FC20935F45}.Debug|ARM.Build.0 = Debug|iPhone
		{3B2CC87E-8FB0-427E-B239-C9FC20935F45}.Debug|ARM.Deploy.0 = Debug|iPhone
		{3B2CC87E-8FB0-427E-B239-C9FC20935F45}.Debug|iPhone.ActiveCfg = Debug|iPhone
		{3B2CC87E-8FB0-427E-B239-C9FC20935F45}.Debug|iPhone.Build.0 = Debug|iPhone
		{3B2CC87E-8FB0-427E-B239-C9FC20935F45}.Debug|iPhone.Deploy.0 = Debug|iPhone
		{3B2CC87E-8FB0-427E-B239-C9FC20935F45}.Debug|iPhoneSimulator.ActiveCfg = Debug|iPhoneSimulator
		{3B2CC87E-8FB0-427E-B239-C9FC20935F45}.Debug|iPhoneSimulator.Build.0 = Debug|iPhoneSimulator
		{3B2CC87E-8FB0-427E-B239-C9FC20935F45}.Debug|iPhoneSimulator.Deploy.0 = Debug|iPhoneSimulator
		{3B2CC87E-8FB0-427E-B239-C9FC20935F45}.Debug|x64.ActiveCfg = Debug|iPhone
		{3B2CC87E-8FB0-427E-B239-C9FC20935F45}.Debug|x64.Build.0 = Debug|iPhone
		{3B2CC87E-8FB0-427E-B239-C9FC20935F45}.Debug|x64.Deploy.0 = Debug|iPhone
		{3B2CC87E-8FB0-427E-B239-C9FC20935F45}.Debug|x86.ActiveCfg = Debug|iPhone
		{3B2CC87E-8FB0-427E-B239-C9FC20935F45}.Debug|x86.Build.0 = Debug|iPhone
		{3B2CC87E-8FB0-427E-B239-C9FC20935F45}.Debug|x86.Deploy.0 = Debug|iPhone
		{3B2CC87E-8FB0-427E-B239-C9FC20935F45}.Release|Any CPU.ActiveCfg = Release|iPhone
		{3B2CC87E-8FB0-427E-B239-C9FC20935F45}.Release|Any CPU.Build.0 = Release|iPhone
		{3B2CC87E-8FB0-427E-B239-C9FC20935F45}.Release|Any CPU.Deploy.0 = Release|iPhone
		{3B2CC87E-8FB0-427E-B239-C9FC20935F45}.Release|ARM.ActiveCfg = Release|iPhone
		{3B2CC87E-8FB0-427E-B239-C9FC20935F45}.Release|ARM.Build.0 = Release|iPhone
		{3B2CC87E-8FB0-427E-B239-C9FC20935F45}.Release|ARM.Deploy.0 = Release|iPhone
		{3B2CC87E-8FB0-427E-B239-C9FC20935F45}.Release|iPhone.ActiveCfg = Release|iPhone
		{3B2CC87E-8FB0-427E-B239-C9FC20935F45}.Release|iPhone.Build.0 = Release|iPhone
		{3B2CC87E-8FB0-427E-B239-C9FC20935F45}.Release|iPhone.Deploy.0 = Release|iPhone
		{3B2CC87E-8FB0-427E-B239-C9FC20935F45}.Release|iPhoneSimulator.ActiveCfg = Release|iPhoneSimulator
		{3B2CC87E-8FB0-427E-B239-C9FC20935F45}.Release|iPhoneSimulator.Build.0 = Release|iPhoneSimulator
		{3B2CC87E-8FB0-427E-B239-C9FC20935F45}.Release|iPhoneSimulator.Deploy.0 = Release|iPhoneSimulator
		{3B2CC87E-8FB0-427E-B239-C9FC20935F45}.Release|x64.ActiveCfg = Release|iPhone
		{3B2CC87E-8FB0-427E-B239-C9FC20935F45}.Release|x64.Build.0 = Release|iPhone
		{3B2CC87E-8FB0-427E-B239-C9FC20935F45}.Release|x64.Deploy.0 = Release|iPhone
		{3B2CC87E-8FB0-427E-B239-C9FC20935F45}.Release|x86.ActiveCfg = Release|iPhone
		{3B2CC87E-8FB0-427E-B239-C9FC20935F45}.Release|x86.Build.0 = Release|iPhone
		{3B2CC87E-8FB0-427E-B239-C9FC20935F45}.Release|x86.Deploy.0 = Release|iPhone
		{E5457655-372C-4219-A1CC-875C1F766ACD}.Ad-Hoc|Any CPU.ActiveCfg = Release|x86
		{E5457655-372C-4219-A1CC-875C1F766ACD}.Ad-Hoc|Any CPU.Build.0 = Release|x86
		{E5457655-372C-4219-A1CC-875C1F766ACD}.Ad-Hoc|Any CPU.Deploy.0 = Release|x86
		{E5457655-372C-4219-A1CC-875C1F766ACD}.Ad-Hoc|ARM.ActiveCfg = Release|ARM
		{E5457655-372C-4219-A1CC-875C1F766ACD}.Ad-Hoc|ARM.Build.0 = Release|ARM
		{E5457655-372C-4219-A1CC-875C1F766ACD}.Ad-Hoc|ARM.Deploy.0 = Release|ARM
		{E5457655-372C-4219-A1CC-875C1F766ACD}.Ad-Hoc|iPhone.ActiveCfg = Release|x86
		{E5457655-372C-4219-A1CC-875C1F766ACD}.Ad-Hoc|iPhone.Build.0 = Release|x86
		{E5457655-372C-4219-A1CC-875C1F766ACD}.Ad-Hoc|iPhone.Deploy.0 = Release|x86
		{E5457655-372C-4219-A1CC-875C1F766ACD}.Ad-Hoc|iPhoneSimulator.ActiveCfg = Release|x86
		{E5457655-372C-4219-A1CC-875C1F766ACD}.Ad-Hoc|iPhoneSimulator.Build.0 = Release|x86
		{E5457655-372C-4219-A1CC-875C1F766ACD}.Ad-Hoc|iPhoneSimulator.Deploy.0 = Release|x86
		{E5457655-372C-4219-A1CC-875C1F766ACD}.Ad-Hoc|x64.ActiveCfg = Release|x64
		{E5457655-372C-4219-A1CC-875C1F766ACD}.Ad-Hoc|x64.Build.0 = Release|x64
		{E5457655-372C-4219-A1CC-875C1F766ACD}.Ad-Hoc|x64.Deploy.0 = Release|x64
		{E5457655-372C-4219-A1CC-875C1F766ACD}.Ad-Hoc|x86.ActiveCfg = Release|x86
		{E5457655-372C-4219-A1CC-875C1F766ACD}.Ad-Hoc|x86.Build.0 = Release|x86
		{E5457655-372C-4219-A1CC-875C1F766ACD}.Ad-Hoc|x86.Deploy.0 = Release|x86
		{E5457655-372C-4219-A1CC-875C1F766ACD}.AppStore|Any CPU.ActiveCfg = Release|x86
		{E5457655-372C-4219-A1CC-875C1F766ACD}.AppStore|Any CPU.Build.0 = Release|x86
		{E5457655-372C-4219-A1CC-875C1F766ACD}.AppStore|Any CPU.Deploy.0 = Release|x86
		{E5457655-372C-4219-A1CC-875C1F766ACD}.AppStore|ARM.ActiveCfg = Release|ARM
		{E5457655-372C-4219-A1CC-875C1F766ACD}.AppStore|ARM.Build.0 = Release|ARM
		{E5457655-372C-4219-A1CC-875C1F766ACD}.AppStore|ARM.Deploy.0 = Release|ARM
		{E5457655-372C-4219-A1CC-875C1F766ACD}.AppStore|iPhone.ActiveCfg = Release|x86
		{E5457655-372C-4219-A1CC-875C1F766ACD}.AppStore|iPhone.Build.0 = Release|x86
		{E5457655-372C-4219-A1CC-875C1F766ACD}.AppStore|iPhone.Deploy.0 = Release|x86
		{E5457655-372C-4219-A1CC-875C1F766ACD}.AppStore|iPhoneSimulator.ActiveCfg = Release|x86
		{E5457655-372C-4219-A1CC-875C1F766ACD}.AppStore|iPhoneSimulator.Build.0 = Release|x86
		{E5457655-372C-4219-A1CC-875C1F766ACD}.AppStore|iPhoneSimulator.Deploy.0 = Release|x86
		{E5457655-372C-4219-A1CC-875C1F766ACD}.AppStore|x64.ActiveCfg = Release|x64
		{E5457655-372C-4219-A1CC-875C1F766ACD}.AppStore|x64.Build.0 = Release|x64
		{E5457655-372C-4219-A1CC-875C1F766ACD}.AppStore|x64.Deploy.0 = Release|x64
		{E5457655-372C-4219-A1CC-875C1F766ACD}.AppStore|x86.ActiveCfg = Release|x86
		{E5457655-372C-4219-A1CC-875C1F766ACD}.AppStore|x86.Build.0 = Release|x86
		{E5457655-372C-4219-A1CC-875C1F766ACD}.AppStore|x86.Deploy.0 = Release|x86
		{E5457655-372C-4219-A1CC-875C1F766ACD}.Debug|Any CPU.ActiveCfg = Debug|x86
		{E5457655-372C-4219-A1CC-875C1F766ACD}.Debug|Any CPU.Build.0 = Debug|x86
		{E5457655-372C-4219-A1CC-875C1F766ACD}.Debug|Any CPU.Deploy.0 = Debug|x86
		{E5457655-372C-4219-A1CC-875C1F766ACD}.Debug|ARM.ActiveCfg = Debug|ARM
		{E5457655-372C-4219-A1CC-875C1F766ACD}.Debug|ARM.Build.0 = Debug|ARM
		{E5457655-372C-4219-A1CC-875C1F766ACD}.Debug|ARM.Deploy.0 = Debug|ARM
		{E5457655-372C-4219-A1CC-875C1F766ACD}.Debug|iPhone.ActiveCfg = Debug|x86
		{E5457655-372C-4219-A1CC-875C1F766ACD}.Debug|iPhone.Build.0 = Debug|x86
		{E5457655-372C-4219-A1CC-875C1F766ACD}.Debug|iPhone.Deploy.0 = Debug|x86
		{E5457655-372C-4219-A1CC-875C1F766ACD}.Debug|iPhoneSimulator.ActiveCfg = Debug|x86
		{E5457655-372C-4219-A1CC-875C1F766ACD}.Debug|iPhoneSimulator.Build.0 = Debug|x86
		{E5457655-372C-4219-A1CC-875C1F766ACD}.Debug|iPhoneSimulator.Deploy.0 = Debug|x86
		{E5457655-372C-4219-A1CC-875C1F766ACD}.Debug|x64.ActiveCfg = Debug|x64
		{E5457655-372C-4219-A1CC-875C1F766ACD}.Debug|x64.Build.0 = Debug|x64
		{E5457655-372C-4219-A1CC-875C1F766ACD}.Debug|x64.Deploy.0 = Debug|x64
		{E5457655-372C-4219-A1CC-875C1F766ACD}.Debug|x86.ActiveCfg = Debug|x86
		{E5457655-372C-4219-A1CC-875C1F766ACD}.Debug|x86.Build.0 = Debug|x86
		{E5457655-372C-4219-A1CC-875C1F766ACD}.Debug|x86.Deploy.0 = Debug|x86
		{E5457655-372C-4219-A1CC-875C1F766ACD}.Release|Any CPU.ActiveCfg = Release|x86
		{E5457655-372C-4219-A1CC-875C1F766ACD}.Release|Any CPU.Build.0 = Release|x86
		{E5457655-372C-4219-A1CC-875C1F766ACD}.Release|Any CPU.Deploy.0 = Release|x86
		{E5457655-372C-4219-A1CC-875C1F766ACD}.Release|ARM.ActiveCfg = Release|ARM
		{E5457655-372C-4219-A1CC-875C1F766ACD}.Release|ARM.Build.0 = Release|ARM
		{E5457655-372C-4219-A1CC-875C1F766ACD}.Release|ARM.Deploy.0 = Release|ARM
		{E5457655-372C-4219-A1CC-875C1F766ACD}.Release|iPhone.ActiveCfg = Release|x86
		{E5457655-372C-4219-A1CC-875C1F766ACD}.Release|iPhone.Build.0 = Release|x86
		{E5457655-372C-4219-A1CC-875C1F766ACD}.Release|iPhone.Deploy.0 = Release|x86
		{E5457655-372C-4219-A1CC-875C1F766ACD}.Release|iPhoneSimulator.ActiveCfg = Release|x86
		{E5457655-372C-4219-A1CC-875C1F766ACD}.Release|iPhoneSimulator.Build.0 = Release|x86
		{E5457655-372C-4219-A1CC-875C1F766ACD}.Release|iPhoneSimulator.Deploy.0 = Release|x86
		{E5457655-372C-4219-A1CC-875C1F766ACD}.Release|x64.ActiveCfg = Release|x64
		{E5457655-372C-4219-A1CC-875C1F766ACD}.Release|x64.Build.0 = Release|x64
		{E5457655-372C-4219-A1CC-875C1F766ACD}.Release|x64.Deploy.0 = Release|x64
		{E5457655-372C-4219-A1CC-875C1F766ACD}.Release|x86.ActiveCfg = Release|x86
		{E5457655-372C-4219-A1CC-875C1F766ACD}.Release|x86.Build.0 = Release|x86
		{E5457655-372C-4219-A1CC-875C1F766ACD}.Release|x86.Deploy.0 = Release|x86
		{CE39B65B-95BC-4FCE-BFDE-1AE45644CEAB}.Ad-Hoc|Any CPU.ActiveCfg = Debug|Any CPU
		{CE39B65B-95BC-4FCE-BFDE-1AE45644CEAB}.Ad-Hoc|Any CPU.Build.0 = Debug|Any CPU
		{CE39B65B-95BC-4FCE-BFDE-1AE45644CEAB}.Ad-Hoc|Any CPU.Deploy.0 = Debug|Any CPU
		{CE39B65B-95BC-4FCE-BFDE-1AE45644CEAB}.Ad-Hoc|ARM.ActiveCfg = Debug|Any CPU
		{CE39B65B-95BC-4FCE-BFDE-1AE45644CEAB}.Ad-Hoc|ARM.Build.0 = Debug|Any CPU
		{CE39B65B-95BC-4FCE-BFDE-1AE45644CEAB}.Ad-Hoc|ARM.Deploy.0 = Debug|Any CPU
		{CE39B65B-95BC-4FCE-BFDE-1AE45644CEAB}.Ad-Hoc|iPhone.ActiveCfg = Debug|Any CPU
		{CE39B65B-95BC-4FCE-BFDE-1AE45644CEAB}.Ad-Hoc|iPhone.Build.0 = Debug|Any CPU
		{CE39B65B-95BC-4FCE-BFDE-1AE45644CEAB}.Ad-Hoc|iPhone.Deploy.0 = Debug|Any CPU
		{CE39B65B-95BC-4FCE-BFDE-1AE45644CEAB}.Ad-Hoc|iPhoneSimulator.ActiveCfg = Debug|Any CPU
		{CE39B65B-95BC-4FCE-BFDE-1AE45644CEAB}.Ad-Hoc|iPhoneSimulator.Build.0 = Debug|Any CPU
		{CE39B65B-95BC-4FCE-BFDE-1AE45644CEAB}.Ad-Hoc|iPhoneSimulator.Deploy.0 = Debug|Any CPU
		{CE39B65B-95BC-4FCE-BFDE-1AE45644CEAB}.Ad-Hoc|x64.ActiveCfg = Debug|Any CPU
		{CE39B65B-95BC-4FCE-BFDE-1AE45644CEAB}.Ad-Hoc|x64.Build.0 = Debug|Any CPU
		{CE39B65B-95BC-4FCE-BFDE-1AE45644CEAB}.Ad-Hoc|x64.Deploy.0 = Debug|Any CPU
		{CE39B65B-95BC-4FCE-BFDE-1AE45644CEAB}.Ad-Hoc|x86.ActiveCfg = Debug|Any CPU
		{CE39B65B-95BC-4FCE-BFDE-1AE45644CEAB}.Ad-Hoc|x86.Build.0 = Debug|Any CPU
		{CE39B65B-95BC-4FCE-BFDE-1AE45644CEAB}.Ad-Hoc|x86.Deploy.0 = Debug|Any CPU
		{CE39B65B-95BC-4FCE-BFDE-1AE45644CEAB}.AppStore|Any CPU.ActiveCfg = Debug|Any CPU
		{CE39B65B-95BC-4FCE-BFDE-1AE45644CEAB}.AppStore|Any CPU.Build.0 = Debug|Any CPU
		{CE39B65B-95BC-4FCE-BFDE-1AE45644CEAB}.AppStore|Any CPU.Deploy.0 = Debug|Any CPU
		{CE39B65B-95BC-4FCE-BFDE-1AE45644CEAB}.AppStore|ARM.ActiveCfg = Debug|Any CPU
		{CE39B65B-95BC-4FCE-BFDE-1AE45644CEAB}.AppStore|ARM.Build.0 = Debug|Any CPU
		{CE39B65B-95BC-4FCE-BFDE-1AE45644CEAB}.AppStore|ARM.Deploy.0 = Debug|Any CPU
		{CE39B65B-95BC-4FCE-BFDE-1AE45644CEAB}.AppStore|iPhone.ActiveCfg = Debug|Any CPU
		{CE39B65B-95BC-4FCE-BFDE-1AE45644CEAB}.AppStore|iPhone.Build.0 = Debug|Any CPU
		{CE39B65B-95BC-4FCE-BFDE-1AE45644CEAB}.AppStore|iPhone.Deploy.0 = Debug|Any CPU
		{CE39B65B-95BC-4FCE-BFDE-1AE45644CEAB}.AppStore|iPhoneSimulator.ActiveCfg = Debug|Any CPU
		{CE39B65B-95BC-4FCE-BFDE-1AE45644CEAB}.AppStore|iPhoneSimulator.Build.0 = Debug|Any CPU
		{CE39B65B-95BC-4FCE-BFDE-1AE45644CEAB}.AppStore|iPhoneSimulator.Deploy.0 = Debug|Any CPU
		{CE39B65B-95BC-4FCE-BFDE-1AE45644CEAB}.AppStore|x64.ActiveCfg = Debug|Any CPU
		{CE39B65B-95BC-4FCE-BFDE-1AE45644CEAB}.AppStore|x64.Build.0 = Debug|Any CPU
		{CE39B65B-95BC-4FCE-BFDE-1AE45644CEAB}.AppStore|x64.Deploy.0 = Debug|Any CPU
		{CE39B65B-95BC-4FCE-BFDE-1AE45644CEAB}.AppStore|x86.ActiveCfg = Debug|Any CPU
		{CE39B65B-95BC-4FCE-BFDE-1AE45644CEAB}.AppStore|x86.Build.0 = Debug|Any CPU
		{CE39B65B-95BC-4FCE-BFDE-1AE45644CEAB}.AppStore|x86.Deploy.0 = Debug|Any CPU
		{CE39B65B-95BC-4FCE-BFDE-1AE45644CEAB}.Debug|Any CPU.ActiveCfg = Debug|Any CPU
		{CE39B65B-95BC-4FCE-BFDE-1AE45644CEAB}.Debug|Any CPU.Build.0 = Debug|Any CPU
		{CE39B65B-95BC-4FCE-BFDE-1AE45644CEAB}.Debug|Any CPU.Deploy.0 = Debug|Any CPU
		{CE39B65B-95BC-4FCE-BFDE-1AE45644CEAB}.Debug|ARM.ActiveCfg = Debug|Any CPU
		{CE39B65B-95BC-4FCE-BFDE-1AE45644CEAB}.Debug|ARM.Build.0 = Debug|Any CPU
		{CE39B65B-95BC-4FCE-BFDE-1AE45644CEAB}.Debug|ARM.Deploy.0 = Debug|Any CPU
		{CE39B65B-95BC-4FCE-BFDE-1AE45644CEAB}.Debug|iPhone.ActiveCfg = Debug|Any CPU
		{CE39B65B-95BC-4FCE-BFDE-1AE45644CEAB}.Debug|iPhone.Build.0 = Debug|Any CPU
		{CE39B65B-95BC-4FCE-BFDE-1AE45644CEAB}.Debug|iPhone.Deploy.0 = Debug|Any CPU
		{CE39B65B-95BC-4FCE-BFDE-1AE45644CEAB}.Debug|iPhoneSimulator.ActiveCfg = Debug|Any CPU
		{CE39B65B-95BC-4FCE-BFDE-1AE45644CEAB}.Debug|iPhoneSimulator.Build.0 = Debug|Any CPU
		{CE39B65B-95BC-4FCE-BFDE-1AE45644CEAB}.Debug|iPhoneSimulator.Deploy.0 = Debug|Any CPU
		{CE39B65B-95BC-4FCE-BFDE-1AE45644CEAB}.Debug|x64.ActiveCfg = Debug|Any CPU
		{CE39B65B-95BC-4FCE-BFDE-1AE45644CEAB}.Debug|x64.Build.0 = Debug|Any CPU
		{CE39B65B-95BC-4FCE-BFDE-1AE45644CEAB}.Debug|x64.Deploy.0 = Debug|Any CPU
		{CE39B65B-95BC-4FCE-BFDE-1AE45644CEAB}.Debug|x86.ActiveCfg = Debug|Any CPU
		{CE39B65B-95BC-4FCE-BFDE-1AE45644CEAB}.Debug|x86.Build.0 = Debug|Any CPU
		{CE39B65B-95BC-4FCE-BFDE-1AE45644CEAB}.Debug|x86.Deploy.0 = Debug|Any CPU
		{CE39B65B-95BC-4FCE-BFDE-1AE45644CEAB}.Release|Any CPU.ActiveCfg = Release|Any CPU
		{CE39B65B-95BC-4FCE-BFDE-1AE45644CEAB}.Release|Any CPU.Build.0 = Release|Any CPU
		{CE39B65B-95BC-4FCE-BFDE-1AE45644CEAB}.Release|Any CPU.Deploy.0 = Release|Any CPU
		{CE39B65B-95BC-4FCE-BFDE-1AE45644CEAB}.Release|ARM.ActiveCfg = Release|Any CPU
		{CE39B65B-95BC-4FCE-BFDE-1AE45644CEAB}.Release|ARM.Build.0 = Release|Any CPU
		{CE39B65B-95BC-4FCE-BFDE-1AE45644CEAB}.Release|ARM.Deploy.0 = Release|Any CPU
		{CE39B65B-95BC-4FCE-BFDE-1AE45644CEAB}.Release|iPhone.ActiveCfg = Release|Any CPU
		{CE39B65B-95BC-4FCE-BFDE-1AE45644CEAB}.Release|iPhone.Build.0 = Release|Any CPU
		{CE39B65B-95BC-4FCE-BFDE-1AE45644CEAB}.Release|iPhone.Deploy.0 = Release|Any CPU
		{CE39B65B-95BC-4FCE-BFDE-1AE45644CEAB}.Release|iPhoneSimulator.ActiveCfg = Release|Any CPU
		{CE39B65B-95BC-4FCE-BFDE-1AE45644CEAB}.Release|iPhoneSimulator.Build.0 = Release|Any CPU
		{CE39B65B-95BC-4FCE-BFDE-1AE45644CEAB}.Release|iPhoneSimulator.Deploy.0 = Release|Any CPU
		{CE39B65B-95BC-4FCE-BFDE-1AE45644CEAB}.Release|x64.ActiveCfg = Release|Any CPU
		{CE39B65B-95BC-4FCE-BFDE-1AE45644CEAB}.Release|x64.Build.0 = Release|Any CPU
		{CE39B65B-95BC-4FCE-BFDE-1AE45644CEAB}.Release|x64.Deploy.0 = Release|Any CPU
		{CE39B65B-95BC-4FCE-BFDE-1AE45644CEAB}.Release|x86.ActiveCfg = Release|Any CPU
		{CE39B65B-95BC-4FCE-BFDE-1AE45644CEAB}.Release|x86.Build.0 = Release|Any CPU
		{CE39B65B-95BC-4FCE-BFDE-1AE45644CEAB}.Release|x86.Deploy.0 = Release|Any CPU
	EndGlobalSection
	GlobalSection(SolutionProperties) = preSolution
		HideSolutionNode = FALSE
	EndGlobalSection
	GlobalSection(ExtensibilityGlobals) = postSolution
		SolutionGuid = {BD0206FA-5505-4F88-991C-8E3C0D708F26}
	EndGlobalSection
EndGlobal
